
Microsoft Visual Studio Solution File, Format Version 12.00
Project("{FAE04EC0-301F-11D3-BF4B-00C04F79EFBC}") = "API_Redis", "API_Redis\API_Redis.csproj", "{B6D01773-0CF0-44B4-AF75-78E644AE1355}"
EndProject
Project("{2150E333-8FDC-42A3-9474-1A3956D46DE8}") = "Solution Items", "Solution Items", "{1AD803FC-2168-4FD9-9DC0-362D0504B388}"
	ProjectSection(SolutionItems) = preProject
		docker-compose.yml = docker-compose.yml
	EndProjectSection
EndProject
Global
	GlobalSection(SolutionConfigurationPlatforms) = preSolution
		Debug|Any CPU = Debug|Any CPU
		Release|Any CPU = Release|Any CPU
	EndGlobalSection
	GlobalSection(ProjectConfigurationPlatforms) = postSolution
		{B6D01773-0CF0-44B4-AF75-78E644AE1355}.Debug|Any CPU.ActiveCfg = Debug|Any CPU
		{B6D01773-0CF0-44B4-AF75-78E644AE1355}.Debug|Any CPU.Build.0 = Debug|Any CPU
		{B6D01773-0CF0-44B4-AF75-78E644AE1355}.Release|Any CPU.ActiveCfg = Release|Any CPU
		{B6D01773-0CF0-44B4-AF75-78E644AE1355}.Release|Any CPU.Build.0 = Release|Any CPU
	EndGlobalSection
EndGlobal
